// !$*UTF8*$!
{
	archiveVersion = 1;
	classes = {
	};
	objectVersion = 46;
	objects = {

/* Begin PBXBuildFile section */
		41416D3919369B7000563753 /* AVFoundation.framework in Frameworks */ = {isa = PBXBuildFile; fileRef = 41416D3819369B7000563753 /* AVFoundation.framework */; };
		41416D3B19369B8200563753 /* AudioToolbox.framework in Frameworks */ = {isa = PBXBuildFile; fileRef = 41416D3A19369B8200563753 /* AudioToolbox.framework */; };
		41416D3D19369B8D00563753 /* CoreMotion.framework in Frameworks */ = {isa = PBXBuildFile; fileRef = 41416D3C19369B8D00563753 /* CoreMotion.framework */; };
		41416D3F19369B9600563753 /* OpenAL.framework in Frameworks */ = {isa = PBXBuildFile; fileRef = 41416D3E19369B9600563753 /* OpenAL.framework */; };
		41416D481936A9D600563753 /* Default-568h@2x.png in Resources */ = {isa = PBXBuildFile; fileRef = 41416D471936A9D600563753 /* Default-568h@2x.png */; };
		415E65E015DC106A00B30E1A /* MyLayer.cpp in Sources */ = {isa = PBXBuildFile; fileRef = 415E65DF15DC106A00B30E1A /* MyLayer.cpp */; };
		41DA4F60145F08C3009CE11D /* UIKit.framework in Frameworks */ = {isa = PBXBuildFile; fileRef = 41DA4F5F145F08C3009CE11D /* UIKit.framework */; };
		41DA4F62145F08C3009CE11D /* Foundation.framework in Frameworks */ = {isa = PBXBuildFile; fileRef = 41DA4F61145F08C3009CE11D /* Foundation.framework */; };
		41DA4F64145F08C3009CE11D /* CoreGraphics.framework in Frameworks */ = {isa = PBXBuildFile; fileRef = 41DA4F63145F08C3009CE11D /* CoreGraphics.framework */; };
		41DA4F66145F08C3009CE11D /* QuartzCore.framework in Frameworks */ = {isa = PBXBuildFile; fileRef = 41DA4F65145F08C3009CE11D /* QuartzCore.framework */; };
		41DA4F68145F08C3009CE11D /* OpenGLES.framework in Frameworks */ = {isa = PBXBuildFile; fileRef = 41DA4F67145F08C3009CE11D /* OpenGLES.framework */; };
		41DA50A3145F14CC009CE11D /* Sprite.png in Resources */ = {isa = PBXBuildFile; fileRef = 41DA50A2145F14CB009CE11D /* Sprite.png */; };
		41DA52BB145F1DAC009CE11D /* App.mm in Sources */ = {isa = PBXBuildFile; fileRef = 41DA52B7145F1DAC009CE11D /* App.mm */; };
		41DA52BC145F1DAC009CE11D /* main.m in Sources */ = {isa = PBXBuildFile; fileRef = 41DA52B8145F1DAC009CE11D /* main.m */; };
		41DA52BD145F1DAC009CE11D /* SpriteDragger.cpp in Sources */ = {isa = PBXBuildFile; fileRef = 41DA52BA145F1DAC009CE11D /* SpriteDragger.cpp */; };
/* End PBXBuildFile section */

/* Begin PBXFileReference section */
		41416D3819369B7000563753 /* AVFoundation.framework */ = {isa = PBXFileReference; lastKnownFileType = wrapper.framework; name = AVFoundation.framework; path = System/Library/Frameworks/AVFoundation.framework; sourceTree = SDKROOT; };
		41416D3A19369B8200563753 /* AudioToolbox.framework */ = {isa = PBXFileReference; lastKnownFileType = wrapper.framework; name = AudioToolbox.framework; path = System/Library/Frameworks/AudioToolbox.framework; sourceTree = SDKROOT; };
		41416D3C19369B8D00563753 /* CoreMotion.framework */ = {isa = PBXFileReference; lastKnownFileType = wrapper.framework; name = CoreMotion.framework; path = System/Library/Frameworks/CoreMotion.framework; sourceTree = SDKROOT; };
		41416D3E19369B9600563753 /* OpenAL.framework */ = {isa = PBXFileReference; lastKnownFileType = wrapper.framework; name = OpenAL.framework; path = System/Library/Frameworks/OpenAL.framework; sourceTree = SDKROOT; };
		41416D4419369E7B00563753 /* README.md */ = {isa = PBXFileReference; lastKnownFileType = text; path = README.md; sourceTree = "<group>"; };
		41416D471936A9D600563753 /* Default-568h@2x.png */ = {isa = PBXFileReference; lastKnownFileType = image.png; path = "Default-568h@2x.png"; sourceTree = SOURCE_ROOT; };
		415E65DE15DC106A00B30E1A /* MyLayer.h */ = {isa = PBXFileReference; fileEncoding = 4; lastKnownFileType = sourcecode.c.h; name = MyLayer.h; path = Code/MyLayer.h; sourceTree = "<group>"; };
		415E65DF15DC106A00B30E1A /* MyLayer.cpp */ = {isa = PBXFileReference; fileEncoding = 4; lastKnownFileType = sourcecode.cpp.cpp; name = MyLayer.cpp; path = Code/MyLayer.cpp; sourceTree = "<group>"; };
		41DA4F5B145F08C2009CE11D /* SpriteDragger.app */ = {isa = PBXFileReference; explicitFileType = wrapper.application; includeInIndex = 0; path = SpriteDragger.app; sourceTree = BUILT_PRODUCTS_DIR; };
		41DA4F5F145F08C3009CE11D /* UIKit.framework */ = {isa = PBXFileReference; lastKnownFileType = wrapper.framework; name = UIKit.framework; path = System/Library/Frameworks/UIKit.framework; sourceTree = SDKROOT; };
		41DA4F61145F08C3009CE11D /* Foundation.framework */ = {isa = PBXFileReference; lastKnownFileType = wrapper.framework; name = Foundation.framework; path = System/Library/Frameworks/Foundation.framework; sourceTree = SDKROOT; };
		41DA4F63145F08C3009CE11D /* CoreGraphics.framework */ = {isa = PBXFileReference; lastKnownFileType = wrapper.framework; name = CoreGraphics.framework; path = System/Library/Frameworks/CoreGraphics.framework; sourceTree = SDKROOT; };
		41DA4F65145F08C3009CE11D /* QuartzCore.framework */ = {isa = PBXFileReference; lastKnownFileType = wrapper.framework; name = QuartzCore.framework; path = System/Library/Frameworks/QuartzCore.framework; sourceTree = SDKROOT; };
		41DA4F67145F08C3009CE11D /* OpenGLES.framework */ = {isa = PBXFileReference; lastKnownFileType = wrapper.framework; name = OpenGLES.framework; path = System/Library/Frameworks/OpenGLES.framework; sourceTree = SDKROOT; };
		41DA50A2145F14CB009CE11D /* Sprite.png */ = {isa = PBXFileReference; lastKnownFileType = image.png; path = Sprite.png; sourceTree = SOURCE_ROOT; };
		41DA52B6145F1DAC009CE11D /* App.h */ = {isa = PBXFileReference; fileEncoding = 4; lastKnownFileType = sourcecode.c.h; name = App.h; path = Code/App.h; sourceTree = SOURCE_ROOT; };
		41DA52B7145F1DAC009CE11D /* App.mm */ = {isa = PBXFileReference; fileEncoding = 4; lastKnownFileType = sourcecode.cpp.objcpp; name = App.mm; path = Code/App.mm; sourceTree = SOURCE_ROOT; };
		41DA52B8145F1DAC009CE11D /* main.m */ = {isa = PBXFileReference; fileEncoding = 4; lastKnownFileType = sourcecode.c.objc; name = main.m; path = Code/main.m; sourceTree = SOURCE_ROOT; };
		41DA52B9145F1DAC009CE11D /* SpriteDragger.h */ = {isa = PBXFileReference; fileEncoding = 4; lastKnownFileType = sourcecode.c.h; name = SpriteDragger.h; path = Code/SpriteDragger.h; sourceTree = SOURCE_ROOT; };
		41DA52BA145F1DAC009CE11D /* SpriteDragger.cpp */ = {isa = PBXFileReference; fileEncoding = 4; lastKnownFileType = sourcecode.cpp.cpp; name = SpriteDragger.cpp; path = Code/SpriteDragger.cpp; sourceTree = SOURCE_ROOT; };
		41DA5374145F1DBD009CE11D /* Info.plist */ = {isa = PBXFileReference; fileEncoding = 4; lastKnownFileType = text.plist.xml; name = Info.plist; path = Code/Info.plist; sourceTree = SOURCE_ROOT; };
		41DA5375145F1DBD009CE11D /* Prefix.pch */ = {isa = PBXFileReference; fileEncoding = 4; lastKnownFileType = sourcecode.c.h; name = Prefix.pch; path = Code/Prefix.pch; sourceTree = SOURCE_ROOT; };
/* End PBXFileReference section */

/* Begin PBXFrameworksBuildPhase section */
		41DA4F58145F08C2009CE11D /* Frameworks */ = {
			isa = PBXFrameworksBuildPhase;
			buildActionMask = 2147483647;
			files = (
				41416D3F19369B9600563753 /* OpenAL.framework in Frameworks */,
				41416D3D19369B8D00563753 /* CoreMotion.framework in Frameworks */,
				41416D3B19369B8200563753 /* AudioToolbox.framework in Frameworks */,
				41416D3919369B7000563753 /* AVFoundation.framework in Frameworks */,
				41DA4F64145F08C3009CE11D /* CoreGraphics.framework in Frameworks */,
				41DA4F62145F08C3009CE11D /* Foundation.framework in Frameworks */,
				41DA4F68145F08C3009CE11D /* OpenGLES.framework in Frameworks */,
				41DA4F66145F08C3009CE11D /* QuartzCore.framework in Frameworks */,
				41DA4F60145F08C3009CE11D /* UIKit.framework in Frameworks */,
			);
			runOnlyForDeploymentPostprocessing = 0;
		};
/* End PBXFrameworksBuildPhase section */

/* Begin PBXGroup section */
		41DA4F50145F08C2009CE11D = {
			isa = PBXGroup;
			children = (
				41416D4419369E7B00563753 /* README.md */,
				41DA52B9145F1DAC009CE11D /* SpriteDragger.h */,
				41DA52BA145F1DAC009CE11D /* SpriteDragger.cpp */,
				415E65DE15DC106A00B30E1A /* MyLayer.h */,
				415E65DF15DC106A00B30E1A /* MyLayer.cpp */,
				41DA52B6145F1DAC009CE11D /* App.h */,
				41DA52B7145F1DAC009CE11D /* App.mm */,
				41DA52B8145F1DAC009CE11D /* main.m */,
				41DA50A2145F14CB009CE11D /* Sprite.png */,
				41DA52AA145F1C2B009CE11D /* Foundation */,
				41DA4F5C145F08C2009CE11D /* Products */,
			);
			sourceTree = "<group>";
		};
		41DA4F5C145F08C2009CE11D /* Products */ = {
			isa = PBXGroup;
			children = (
				41DA4F5B145F08C2009CE11D /* SpriteDragger.app */,
			);
			name = Products;
			sourceTree = "<group>";
		};
		41DA4F5E145F08C2009CE11D /* Frameworks */ = {
			isa = PBXGroup;
			children = (
				41416D3E19369B9600563753 /* OpenAL.framework */,
				41416D3C19369B8D00563753 /* CoreMotion.framework */,
				41416D3A19369B8200563753 /* AudioToolbox.framework */,
				41416D3819369B7000563753 /* AVFoundation.framework */,
				41DA4F5F145F08C3009CE11D /* UIKit.framework */,
				41DA4F61145F08C3009CE11D /* Foundation.framework */,
				41DA4F63145F08C3009CE11D /* CoreGraphics.framework */,
				41DA4F65145F08C3009CE11D /* QuartzCore.framework */,
				41DA4F67145F08C3009CE11D /* OpenGLES.framework */,
			);
			name = Frameworks;
			path = ..;
			sourceTree = "<group>";
		};
		41DA52AA145F1C2B009CE11D /* Foundation */ = {
			isa = PBXGroup;
			children = (
				41DA5374145F1DBD009CE11D /* Info.plist */,
				41DA5375145F1DBD009CE11D /* Prefix.pch */,
				41416D471936A9D600563753 /* Default-568h@2x.png */,
				41DA4F5E145F08C2009CE11D /* Frameworks */,
			);
			name = Foundation;
			path = SpriteDragger;
			sourceTree = "<group>";
		};
/* End PBXGroup section */

/* Begin PBXNativeTarget section */
		41DA4F5A145F08C2009CE11D /* SpriteDragger */ = {
			isa = PBXNativeTarget;
			buildConfigurationList = 41DA4F87145F08C3009CE11D /* Build configuration list for PBXNativeTarget "SpriteDragger" */;
			buildPhases = (
				41DA4F57145F08C2009CE11D /* Sources */,
				41DA4F58145F08C2009CE11D /* Frameworks */,
				41DA4F59145F08C2009CE11D /* Resources */,
			);
			buildRules = (
			);
			dependencies = (
			);
			name = SpriteDragger;
			productName = SpriteDragger;
			productReference = 41DA4F5B145F08C2009CE11D /* SpriteDragger.app */;
			productType = "com.apple.product-type.application";
		};
/* End PBXNativeTarget section */

/* Begin PBXProject section */
		41DA4F52145F08C2009CE11D /* Project object */ = {
			isa = PBXProject;
			attributes = {
				LastUpgradeCheck = 0510;
				ORGANIZATIONNAME = "Wizard Fu, Inc.";
			};
			buildConfigurationList = 41DA4F55145F08C2009CE11D /* Build configuration list for PBXProject "SpriteDragger" */;
			compatibilityVersion = "Xcode 3.2";
			developmentRegion = English;
			hasScannedForEncodings = 0;
			knownRegions = (
				en,
			);
			mainGroup = 41DA4F50145F08C2009CE11D;
			productRefGroup = 41DA4F5C145F08C2009CE11D /* Products */;
			projectDirPath = "";
			projectRoot = "";
			targets = (
				41DA4F5A145F08C2009CE11D /* SpriteDragger */,
			);
		};
/* End PBXProject section */

/* Begin PBXResourcesBuildPhase section */
		41DA4F59145F08C2009CE11D /* Resources */ = {
			isa = PBXResourcesBuildPhase;
			buildActionMask = 2147483647;
			files = (
				41DA50A3145F14CC009CE11D /* Sprite.png in Resources */,
				41416D481936A9D600563753 /* Default-568h@2x.png in Resources */,
			);
			runOnlyForDeploymentPostprocessing = 0;
		};
/* End PBXResourcesBuildPhase section */

/* Begin PBXSourcesBuildPhase section */
		41DA4F57145F08C2009CE11D /* Sources */ = {
			isa = PBXSourcesBuildPhase;
			buildActionMask = 2147483647;
			files = (
				41DA52BB145F1DAC009CE11D /* App.mm in Sources */,
				41DA52BC145F1DAC009CE11D /* main.m in Sources */,
				41DA52BD145F1DAC009CE11D /* SpriteDragger.cpp in Sources */,
				415E65E015DC106A00B30E1A /* MyLayer.cpp in Sources */,
			);
			runOnlyForDeploymentPostprocessing = 0;
		};
/* End PBXSourcesBuildPhase section */

/* Begin XCBuildConfiguration section */
		41DA4F85145F08C3009CE11D /* Debug */ = {
			isa = XCBuildConfiguration;
			buildSettings = {
				CLANG_CXX_LANGUAGE_STANDARD = "c++0x";
				CLANG_CXX_LIBRARY = "libc++";
				"CODE_SIGN_IDENTITY[sdk=iphoneos*]" = "iPhone Developer";
				GCC_C_LANGUAGE_STANDARD = gnu99;
				GCC_OPTIMIZATION_LEVEL = 0;
				GCC_PREPROCESSOR_DEFINITIONS = DEBUG;
				GCC_SYMBOLS_PRIVATE_EXTERN = NO;
				GCC_VERSION = com.apple.compilers.llvmgcc42;
				GCC_WARN_ABOUT_RETURN_TYPE = YES;
				GCC_WARN_UNUSED_VARIABLE = YES;
				IPHONEOS_DEPLOYMENT_TARGET = 4.3;
				ONLY_ACTIVE_ARCH = YES;
				SDKROOT = iphoneos;
				USER_HEADER_SEARCH_PATHS = "$(SRCROOT)/lib/cocos2d/x/include $(SRCROOT)/lib/cocos2d/x/include/cocos $(SRCROOT)/lib/cocos2d/x/include/cocos/base $(SRCROOT)/lib/cocos2d/x/include/cocos/physics $(SRCROOT)/lib/cocos2d/x/include/cocos/math/kazmath $(SRCROOT)/lib/cocos2d/x/include/cocos/2d $(SRCROOT)/lib/cocos2d/x/include/cocos/gui $(SRCROOT)/lib/cocos2d/x/include/cocos/network $(SRCROOT)/lib/cocos2d/x/include/cocos/audio/include $(SRCROOT)/lib/cocos2d/x/include/cocos/editor-support $(SRCROOT)/lib/cocos2d/x/include/extensions $(SRCROOT)/lib/cocos2d/x/include/external $(SRCROOT)/lib/cocos2d/x/include/external/chipmunk/include/chipmunk $(SRCROOT)/lib/cocos2d/x/include/bindings/auto $(SRCROOT)/lib/cocos2d/x/include/bindings/manual $(SRCROOT)/lib/cocos2d/x/include/bindings/manual/cocosbuilder";
			};
			name = Debug;
		};
		41DA4F86145F08C3009CE11D /* Release */ = {
			isa = XCBuildConfiguration;
			buildSettings = {
				CLANG_CXX_LANGUAGE_STANDARD = "c++0x";
				CLANG_CXX_LIBRARY = "libc++";
				"CODE_SIGN_IDENTITY[sdk=iphoneos*]" = "iPhone Developer";
				GCC_C_LANGUAGE_STANDARD = gnu99;
				GCC_VERSION = com.apple.compilers.llvmgcc42;
				GCC_WARN_ABOUT_RETURN_TYPE = YES;
				GCC_WARN_UNUSED_VARIABLE = YES;
				IPHONEOS_DEPLOYMENT_TARGET = 4.3;
				OTHER_CFLAGS = "-DNS_BLOCK_ASSERTIONS=1";
				SDKROOT = iphoneos;
				USER_HEADER_SEARCH_PATHS = "$(SRCROOT)/lib/cocos2d/x/include $(SRCROOT)/lib/cocos2d/x/include/cocos $(SRCROOT)/lib/cocos2d/x/include/cocos/base $(SRCROOT)/lib/cocos2d/x/include/cocos/physics $(SRCROOT)/lib/cocos2d/x/include/cocos/math/kazmath $(SRCROOT)/lib/cocos2d/x/include/cocos/2d $(SRCROOT)/lib/cocos2d/x/include/cocos/gui $(SRCROOT)/lib/cocos2d/x/include/cocos/network $(SRCROOT)/lib/cocos2d/x/include/cocos/audio/include $(SRCROOT)/lib/cocos2d/x/include/cocos/editor-support $(SRCROOT)/lib/cocos2d/x/include/extensions $(SRCROOT)/lib/cocos2d/x/include/external $(SRCROOT)/lib/cocos2d/x/include/external/chipmunk/include/chipmunk $(SRCROOT)/lib/cocos2d/x/include/bindings/auto $(SRCROOT)/lib/cocos2d/x/include/bindings/manual $(SRCROOT)/lib/cocos2d/x/include/bindings/manual/cocosbuilder";
			};
			name = Release;
		};
		41DA4F88145F08C3009CE11D /* Debug */ = {
			isa = XCBuildConfiguration;
			buildSettings = {
				ALWAYS_SEARCH_USER_PATHS = NO;
				ARCHS = "$(ARCHS_STANDARD_32_BIT)";
				COPY_PHASE_STRIP = NO;
				GCC_DYNAMIC_NO_PIC = NO;
				GCC_PRECOMPILE_PREFIX_HEADER = YES;
				GCC_PREFIX_HEADER = Code/Prefix.pch;
				GCC_PREPROCESSOR_DEFINITIONS = (
					"COCOS2D_DEBUG=1",
					DEBUG,
					USE_FILE32API,
					CC_TARGET_OS_IPHONE,
				);
				"GCC_THUMB_SUPPORT[arch=armv6]" = "";
				GCC_VERSION = "";
				INFOPLIST_FILE = Code/Info.plist;
				IPHONEOS_DEPLOYMENT_TARGET = 5.0;
				LIBRARY_SEARCH_PATHS = "$(SRCROOT)/lib/cocos2d/x/lib/$(CONFIGURATION)-iOS/$(PLATFORM_NAME)";
				OTHER_LDFLAGS = (
					"-ObjC",
					"-lxml2",
					"-lz",
					"-lcocos2dx-prebuilt",
				);
				PRODUCT_NAME = "$(TARGET_NAME)";
				TARGETED_DEVICE_FAMILY = "1,2";
				USER_HEADER_SEARCH_PATHS = "$(inherited) $(SRCROOT)/lib/cocos2d/x/include/cocos/2d/platform/ios $(SRCROOT)/lib/cocos2d/x/include/external/spidermonkey/include/ios";
				WRAPPER_EXTENSION = app;
			};
			name = Debug;
		};
		41DA4F89145F08C3009CE11D /* Release */ = {
			isa = XCBuildConfiguration;
			buildSettings = {
				ALWAYS_SEARCH_USER_PATHS = NO;
				ARCHS = "$(ARCHS_STANDARD_32_BIT)";
				COPY_PHASE_STRIP = YES;
				GCC_PRECOMPILE_PREFIX_HEADER = YES;
				GCC_PREFIX_HEADER = Code/Prefix.pch;
				GCC_PREPROCESSOR_DEFINITIONS = (
					NDEBUG,
					USE_FILE32API,
					CC_TARGET_OS_IPHONE,
				);
				"GCC_THUMB_SUPPORT[arch=armv6]" = "";
				GCC_VERSION = "";
				INFOPLIST_FILE = Code/Info.plist;
				IPHONEOS_DEPLOYMENT_TARGET = 5.0;
				LIBRARY_SEARCH_PATHS = "$(SRCROOT)/lib/cocos2d/x/lib/$(CONFIGURATION)-iOS/$(PLATFORM_NAME)";
				OTHER_LDFLAGS = (
					"-ObjC",
					"-lxml2",
					"-lz",
					"-lcocos2dx-prebuilt",
				);
				PRODUCT_NAME = "$(TARGET_NAME)";
				TARGETED_DEVICE_FAMILY = "1,2";
				USER_HEADER_SEARCH_PATHS = "$(inherited) $(SRCROOT)/lib/cocos2d/x/include/cocos/2d/platform/ios $(SRCROOT)/lib/cocos2d/x/include/external/spidermonkey/include/ios";
				VALIDATE_PRODUCT = YES;
				WRAPPER_EXTENSION = app;
			};
			name = Release;
		};
/* End XCBuildConfiguration section */

/* Begin XCConfigurationList section */
		41DA4F55145F08C2009CE11D /* Build configuration list for PBXProject "SpriteDragger" */ = {
			isa = XCConfigurationList;
			buildConfigurations = (
				41DA4F85145F08C3009CE11D /* Debug */,
				41DA4F86145F08C3009CE11D /* Release */,
			);
			defaultConfigurationIsVisible = 0;
			defaultConfigurationName = Release;
		};
		41DA4F87145F08C3009CE11D /* Build configuration list for PBXNativeTarget "SpriteDragger" */ = {
			isa = XCConfigurationList;
			buildConfigurations = (
				41DA4F88145F08C3009CE11D /* Debug */,
				41DA4F89145F08C3009CE11D /* Release */,
			);
			defaultConfigurationIsVisible = 0;
			defaultConfigurationName = Release;
		};
/* End XCConfigurationList section */
	};
	rootObject = 41DA4F52145F08C2009CE11D /* Project object */;
}
